{
  "version": 4,
  "terraform_version": "0.15.3",
  "serial": 8,
  "lineage": "79af7051-5150-b131-d02f-3e2216948cd4",
  "outputs": {},
  "resources": [
    {
      "mode": "managed",
      "type": "azurerm_app_service",
      "name": "simple-area-calculator-backend-app-service",
      "provider": "provider[\"registry.terraform.io/hashicorp/azurerm\"]",
      "instances": [
        {
          "schema_version": 0,
          "attributes": {
            "app_service_plan_id": "/subscriptions/70566b9f-5c0d-4753-affe-74e6d67b11f7/resourceGroups/simple-area-calulator-backend-rg-dev/providers/Microsoft.Web/serverfarms/simple-area-calculator-backend-app-service-plann-dev",
            "app_settings": {},
            "auth_settings": [
              {
                "active_directory": [],
                "additional_login_params": {},
                "allowed_external_redirect_urls": [],
                "default_provider": "",
                "enabled": false,
                "facebook": [],
                "google": [],
                "issuer": "",
                "microsoft": [],
                "runtime_version": "",
                "token_refresh_extension_hours": 0,
                "token_store_enabled": false,
                "twitter": [],
                "unauthenticated_client_action": ""
              }
            ],
            "backup": [],
            "client_affinity_enabled": false,
            "client_cert_enabled": false,
            "connection_string": [],
            "custom_domain_verification_id": "A6630D412BA10EA6ADD619C34FF4A18EDB20611D27CDA559393FB20B96086A7E",
            "default_site_hostname": "simple-area-calculator-backend-app-service-plann-dev.azurewebsites.net",
            "enabled": true,
            "https_only": false,
            "id": "/subscriptions/70566b9f-5c0d-4753-affe-74e6d67b11f7/resourceGroups/simple-area-calulator-backend-rg-dev/providers/Microsoft.Web/sites/simple-area-calculator-backend-app-service-plann-dev",
            "identity": [],
            "location": "southcentralus",
            "logs": [
              {
                "application_logs": [
                  {
                    "azure_blob_storage": [],
                    "file_system_level": "Off"
                  }
                ],
                "detailed_error_messages_enabled": false,
                "failed_request_tracing_enabled": false,
                "http_logs": [
                  {
                    "azure_blob_storage": [],
                    "file_system": []
                  }
                ]
              }
            ],
            "name": "simple-area-calculator-backend-app-service-plann-dev",
            "outbound_ip_address_list": [
              "104.214.20.35",
              "23.98.157.29",
              "70.37.107.140",
              "70.37.99.132",
              "70.37.103.40"
            ],
            "outbound_ip_addresses": "104.214.20.35,23.98.157.29,70.37.107.140,70.37.99.132,70.37.103.40",
            "possible_outbound_ip_address_list": [
              "104.214.20.35",
              "23.98.157.29",
              "70.37.107.140",
              "70.37.99.132",
              "70.37.103.40",
              "157.55.194.228",
              "104.210.157.94",
              "104.210.150.113",
              "40.84.158.141",
              "157.55.195.184"
            ],
            "possible_outbound_ip_addresses": "104.214.20.35,23.98.157.29,70.37.107.140,70.37.99.132,70.37.103.40,157.55.194.228,104.210.157.94,104.210.150.113,40.84.158.141,157.55.195.184",
            "resource_group_name": "simple-area-calulator-backend-rg-dev",
            "site_config": [
              {
                "always_on": false,
                "app_command_line": "",
                "auto_swap_slot_name": "",
                "cors": [],
                "default_documents": [
                  "Default.htm",
                  "Default.html",
                  "Default.asp",
                  "index.htm",
                  "index.html",
                  "iisstart.htm",
                  "default.aspx",
                  "index.php",
                  "hostingstart.html"
                ],
                "dotnet_framework_version": "v4.0",
                "ftps_state": "AllAllowed",
                "health_check_path": "",
                "http2_enabled": false,
                "ip_restriction": [],
                "java_container": "",
                "java_container_version": "",
                "java_version": "",
                "linux_fx_version": "",
                "local_mysql_enabled": false,
                "managed_pipeline_mode": "Integrated",
                "min_tls_version": "1.2",
                "number_of_workers": 1,
                "php_version": "",
                "python_version": "",
                "remote_debugging_enabled": false,
                "remote_debugging_version": "",
                "scm_ip_restriction": [],
                "scm_type": "None",
                "scm_use_main_ip_restriction": false,
                "use_32_bit_worker_process": true,
                "websockets_enabled": false,
                "windows_fx_version": ""
              }
            ],
            "site_credential": [
              {
                "password": "lr2mG2sSnDur1efJ4JxKzaNRpajBweyKYwvYnntLahXcb96uLa4NYuuCG1z0",
                "username": "$simple-area-calculator-backend-app-service-plann-dev"
              }
            ],
            "source_control": [
              {
                "branch": "master",
                "manual_integration": false,
                "repo_url": "",
                "rollback_enabled": false,
                "use_mercurial": false
              }
            ],
            "storage_account": [],
            "tags": null,
            "timeouts": null
          },
          "sensitive_attributes": [],
          "private": "eyJlMmJmYjczMC1lY2FhLTExZTYtOGY4OC0zNDM2M2JjN2M0YzAiOnsiY3JlYXRlIjoxODAwMDAwMDAwMDAwLCJkZWxldGUiOjE4MDAwMDAwMDAwMDAsInJlYWQiOjMwMDAwMDAwMDAwMCwidXBkYXRlIjoxODAwMDAwMDAwMDAwfX0=",
          "dependencies": [
            "azurerm_app_service_plan.simple-area-calculator-backend-app-service-plann",
            "azurerm_resource_group.simple-area-calulator-rg"
          ]
        }
      ]
    },
    {
      "mode": "managed",
      "type": "azurerm_app_service_plan",
      "name": "simple-area-calculator-backend-app-service-plann",
      "provider": "provider[\"registry.terraform.io/hashicorp/azurerm\"]",
      "instances": [
        {
          "schema_version": 0,
          "attributes": {
            "app_service_environment_id": "",
            "id": "/subscriptions/70566b9f-5c0d-4753-affe-74e6d67b11f7/resourceGroups/simple-area-calulator-backend-rg-dev/providers/Microsoft.Web/serverfarms/simple-area-calculator-backend-app-service-plann-dev",
            "is_xenon": false,
            "kind": "linux",
            "location": "southcentralus",
            "maximum_elastic_worker_count": 1,
            "maximum_number_of_workers": 1,
            "name": "simple-area-calculator-backend-app-service-plann-dev",
            "per_site_scaling": false,
            "reserved": true,
            "resource_group_name": "simple-area-calulator-backend-rg-dev",
            "sku": [
              {
                "capacity": 1,
                "size": "F1",
                "tier": "Free"
              }
            ],
            "tags": null,
            "timeouts": null
          },
          "sensitive_attributes": [],
          "private": "eyJlMmJmYjczMC1lY2FhLTExZTYtOGY4OC0zNDM2M2JjN2M0YzAiOnsiY3JlYXRlIjozNjAwMDAwMDAwMDAwLCJkZWxldGUiOjM2MDAwMDAwMDAwMDAsInJlYWQiOjMwMDAwMDAwMDAwMCwidXBkYXRlIjozNjAwMDAwMDAwMDAwfX0=",
          "dependencies": [
            "azurerm_resource_group.simple-area-calulator-rg"
          ]
        }
      ]
    },
    {
      "mode": "managed",
      "type": "azurerm_container_registry",
      "name": "simple-area-calculator-backend-container-registry",
      "provider": "provider[\"registry.terraform.io/hashicorp/azurerm\"]",
      "instances": [
        {
          "schema_version": 2,
          "attributes": {
            "admin_enabled": false,
            "admin_password": "",
            "admin_username": "",
            "georeplication_locations": null,
            "id": "/subscriptions/70566b9f-5c0d-4753-affe-74e6d67b11f7/resourceGroups/simple-area-calulator-backend-rg-dev/providers/Microsoft.ContainerRegistry/registries/simpleAreaCalculatorBackendContainerRegistrydev",
            "location": "southcentralus",
            "login_server": "simpleareacalculatorbackendcontainerregistrydev.azurecr.io",
            "name": "simpleAreaCalculatorBackendContainerRegistrydev",
            "network_rule_set": [],
            "resource_group_name": "simple-area-calulator-backend-rg-dev",
            "retention_policy": [
              {
                "days": 7,
                "enabled": false
              }
            ],
            "sku": "Basic",
            "storage_account_id": null,
            "tags": {},
            "timeouts": null,
            "trust_policy": [
              {
                "enabled": false
              }
            ]
          },
          "sensitive_attributes": [],
          "private": "eyJlMmJmYjczMC1lY2FhLTExZTYtOGY4OC0zNDM2M2JjN2M0YzAiOnsiY3JlYXRlIjoxODAwMDAwMDAwMDAwLCJkZWxldGUiOjE4MDAwMDAwMDAwMDAsInJlYWQiOjMwMDAwMDAwMDAwMCwidXBkYXRlIjoxODAwMDAwMDAwMDAwfSwic2NoZW1hX3ZlcnNpb24iOiIyIn0=",
          "dependencies": [
            "azurerm_resource_group.simple-area-calulator-rg"
          ]
        }
      ]
    },
    {
      "mode": "managed",
      "type": "azurerm_resource_group",
      "name": "simple-area-calulator-rg",
      "provider": "provider[\"registry.terraform.io/hashicorp/azurerm\"]",
      "instances": [
        {
          "schema_version": 0,
          "attributes": {
            "id": "/subscriptions/70566b9f-5c0d-4753-affe-74e6d67b11f7/resourceGroups/simple-area-calulator-backend-rg-dev",
            "location": "southcentralus",
            "name": "simple-area-calulator-backend-rg-dev",
            "tags": {},
            "timeouts": null
          },
          "sensitive_attributes": [],
          "private": "eyJlMmJmYjczMC1lY2FhLTExZTYtOGY4OC0zNDM2M2JjN2M0YzAiOnsiY3JlYXRlIjo1NDAwMDAwMDAwMDAwLCJkZWxldGUiOjU0MDAwMDAwMDAwMDAsInJlYWQiOjMwMDAwMDAwMDAwMCwidXBkYXRlIjo1NDAwMDAwMDAwMDAwfX0="
        }
      ]
    }
  ]
}
